// !$*UTF8*$!
{
	archiveVersion = 1;
	classes = {
	};
	objectVersion = 48;
	objects = {

/* Begin PBXBuildFile section */
		AE16D0F01FD8543E00B6CA15 /* AppDelegate.swift in Sources */ = {isa = PBXBuildFile; fileRef = AE16D0EF1FD8543E00B6CA15 /* AppDelegate.swift */; };
		AE16D0F51FD8543E00B6CA15 /* Main.storyboard in Resources */ = {isa = PBXBuildFile; fileRef = AE16D0F31FD8543E00B6CA15 /* Main.storyboard */; };
		AE16D0F71FD8543E00B6CA15 /* Assets.xcassets in Resources */ = {isa = PBXBuildFile; fileRef = AE16D0F61FD8543E00B6CA15 /* Assets.xcassets */; };
		AE16D0FA1FD8543E00B6CA15 /* LaunchScreen.storyboard in Resources */ = {isa = PBXBuildFile; fileRef = AE16D0F81FD8543E00B6CA15 /* LaunchScreen.storyboard */; };
		AE16D1021FD8556C00B6CA15 /* TableViewController.swift in Sources */ = {isa = PBXBuildFile; fileRef = AE16D1011FD8556C00B6CA15 /* TableViewController.swift */; };
/* End PBXBuildFile section */

/* Begin PBXFileReference section */
		AE16D0EC1FD8543E00B6CA15 /* TableCellSwipe.app */ = {isa = PBXFileReference; explicitFileType = wrapper.application; includeInIndex = 0; path = TableCellSwipe.app; sourceTree = BUILT_PRODUCTS_DIR; };
		AE16D0EF1FD8543E00B6CA15 /* AppDelegate.swift */ = {isa = PBXFileReference; lastKnownFileType = sourcecode.swift; path = AppDelegate.swift; sourceTree = "<group>"; };
		AE16D0F41FD8543E00B6CA15 /* Base */ = {isa = PBXFileReference; lastKnownFileType = file.storyboard; name = Base; path = Base.lproj/Main.storyboard; sourceTree = "<group>"; };
		AE16D0F61FD8543E00B6CA15 /* Assets.xcassets */ = {isa = PBXFileReference; lastKnownFileType = folder.assetcatalog; path = Assets.xcassets; sourceTree = "<group>"; };
		AE16D0F91FD8543E00B6CA15 /* Base */ = {isa = PBXFileReference; lastKnownFileType = file.storyboard; name = Base; path = Base.lproj/LaunchScreen.storyboard; sourceTree = "<group>"; };
		AE16D0FB1FD8543E00B6CA15 /* Info.plist */ = {isa = PBXFileReference; lastKnownFileType = text.plist.xml; path = Info.plist; sourceTree = "<group>"; };
		AE16D1011FD8556C00B6CA15 /* TableViewController.swift */ = {isa = PBXFileReference; lastKnownFileType = sourcecode.swift; path = TableViewController.swift; sourceTree = "<group>"; };
/* End PBXFileReference section */

/* Begin PBXFrameworksBuildPhase section */
		AE16D0E91FD8543E00B6CA15 /* Frameworks */ = {
			isa = PBXFrameworksBuildPhase;
			buildActionMask = 2147483647;
			files = (
			);
			runOnlyForDeploymentPostprocessing = 0;
		};
/* End PBXFrameworksBuildPhase section */

/* Begin PBXGroup section */
		AE16D0E31FD8543E00B6CA15 = {
			isa = PBXGroup;
			children = (
				AE16D0EE1FD8543E00B6CA15 /* TableCellSwipe */,
				AE16D0ED1FD8543E00B6CA15 /* Products */,
			);
			sourceTree = "<group>";
		};
		AE16D0ED1FD8543E00B6CA15 /* Products */ = {
			isa = PBXGroup;
			children = (
				AE16D0EC1FD8543E00B6CA15 /* TableCellSwipe.app */,
			);
			name = Products;
			sourceTree = "<group>";
		};
		AE16D0EE1FD8543E00B6CA15 /* TableCellSwipe */ = {
			isa = PBXGroup;
			children = (
				AE16D0EF1FD8543E00B6CA15 /* AppDelegate.swift */,
				AE16D1011FD8556C00B6CA15 /* TableViewController.swift */,
				AE16D0F31FD8543E00B6CA15 /* Main.storyboard */,
				AE16D0F61FD8543E00B6CA15 /* Assets.xcassets */,
				AE16D0F81FD8543E00B6CA15 /* LaunchScreen.storyboard */,
				AE16D0FB1FD8543E00B6CA15 /* Info.plist */,
			);
			path = TableCellSwipe;
			sourceTree = "<group>";
		};
/* End PBXGroup section */

/* Begin PBXNativeTarget section */
		AE16D0EB1FD8543E00B6CA15 /* TableCellSwipe */ = {
			isa = PBXNativeTarget;
			buildConfigurationList = AE16D0FE1FD8543E00B6CA15 /* Build configuration list for PBXNativeTarget "TableCellSwipe" */;
			buildPhases = (
				AE16D0E81FD8543E00B6CA15 /* Sources */,
				AE16D0E91FD8543E00B6CA15 /* Frameworks */,
				AE16D0EA1FD8543E00B6CA15 /* Resources */,
			);
			buildRules = (
			);
			dependencies = (
			);
			name = TableCellSwipe;
			productName = TableCellSwipe;
			productReference = AE16D0EC1FD8543E00B6CA15 /* TableCellSwipe.app */;
			productType = "com.apple.product-type.application";
		};
/* End PBXNativeTarget section */

/* Begin PBXProject section */
		AE16D0E41FD8543E00B6CA15 /* Project object */ = {
			isa = PBXProject;
			attributes = {
				LastSwiftUpdateCheck = 0910;
				LastUpgradeCheck = 0910;
				ORGANIZATIONNAME = Pavan;
				TargetAttributes = {
					AE16D0EB1FD8543E00B6CA15 = {
						CreatedOnToolsVersion = 9.1;
						ProvisioningStyle = Manual;
					};
				};
			};
			buildConfigurationList = AE16D0E71FD8543E00B6CA15 /* Build configuration list for PBXProject "TableCellSwipe" */;
			compatibilityVersion = "Xcode 8.0";
			developmentRegion = en;
			hasScannedForEncodings = 0;
			knownRegions = (
				en,
				Base,
			);
			mainGroup = AE16D0E31FD8543E00B6CA15;
			productRefGroup = AE16D0ED1FD8543E00B6CA15 /* Products */;
			projectDirPath = "";
			projectRoot = "";
			targets = (
				AE16D0EB1FD8543E00B6CA15 /* TableCellSwipe */,
			);
		};
/* End PBXProject section */

/* Begin PBXResourcesBuildPhase section */
		AE16D0EA1FD8543E00B6CA15 /* Resources */ = {
			isa = PBXResourcesBuildPhase;
			buildActionMask = 2147483647;
			files = (
				AE16D0FA1FD8543E00B6CA15 /* LaunchScreen.storyboard in Resources */,
				AE16D0F71FD8543E00B6CA15 /* Assets.xcassets in Resources */,
				AE16D0F51FD8543E00B6CA15 /* Main.storyboard in Resources */,
			);
			runOnlyForDeploymentPostprocessing = 0;
		};
/* End PBXResourcesBuildPhase section */

/* Begin PBXSourcesBuildPhase section */
		AE16D0E81FD8543E00B6CA15 /* Sources */ = {
			isa = PBXSourcesBuildPhase;
			buildActionMask = 2147483647;
			files = (
				AE16D1021FD8556C00B6CA15 /* TableViewController.swift in Sources */,
				AE16D0F01FD8543E00B6CA15 /* AppDelegate.swift in Sources */,
			);
			runOnlyForDeploymentPostprocessing = 0;
		};
/* End PBXSourcesBuildPhase section */

/* Begin PBXVariantGroup section */
		AE16D0F31FD8543E00B6CA15 /* Main.storyboard */ = {
			isa = PBXVariantGroup;
			children = (
				AE16D0F41FD8543E00B6CA15 /* Base */,
			);
			name = Main.storyboard;
			sourceTree = "<group>";
		};
		AE16D0F81FD8543E00B6CA15 /* LaunchScreen.storyboard */ = {
			isa = PBXVariantGroup;
			children = (
				AE16D0F91FD8543E00B6CA15 /* Base */,
			);
			name = LaunchScreen.storyboard;
			sourceTree = "<group>";
		};
/* End PBXVariantGroup section */

/* Begin XCBuildConfiguration section */
		AE16D0FC1FD8543E00B6CA15 /* Debug */ = {
			isa = XCBuildConfiguration;
			buildSettings = {
				ALWAYS_SEARCH_USER_PATHS = NO;
				CLANG_ANALYZER_NONNULL = YES;
				CLANG_ANALYZER_NUMBER_OBJECT_CONVERSION = YES_AGGRESSIVE;
				CLANG_CXX_LANGUAGE_STANDARD = "gnu++14";
				CLANG_CXX_LIBRARY = "libc++";
				CLANG_ENABLE_MODULES = YES;
				CLANG_ENABLE_OBJC_ARC = YES;
				CLANG_WARN_BLOCK_CAPTURE_AUTORELEASING = YES;
				CLANG_WARN_BOOL_CONVERSION = YES;
				CLANG_WARN_COMMA = YES;
				CLANG_WARN_CONSTANT_CONVERSION = YES;
				CLANG_WARN_DIRECT_OBJC_ISA_USAGE = YES_ERROR;
				CLANG_WARN_DOCUMENTATION_COMMENTS = YES;
				CLANG_WARN_EMPTY_BODY = YES;
				CLANG_WARN_ENUM_CONVERSION = YES;
				CLANG_WARN_INFINITE_RECURSION = YES;
				CLANG_WARN_INT_CONVERSION = YES;
				CLANG_WARN_NON_LITERAL_NULL_CONVERSION = YES;
				CLANG_WARN_OBJC_LITERAL_CONVERSION = YES;
				CLANG_WARN_OBJC_ROOT_CLASS = YES_ERROR;
				CLANG_WARN_RANGE_LOOP_ANALYSIS = YES;
				CLANG_WARN_STRICT_PROTOTYPES = YES;
				CLANG_WARN_SUSPICIOUS_MOVE = YES;
				CLANG_WARN_UNGUARDED_AVAILABILITY = YES_AGGRESSIVE;
				CLANG_WARN_UNREACHABLE_CODE = YES;
				CLANG_WARN__DUPLICATE_METHOD_MATCH = YES;
				CODE_SIGN_IDENTITY = "iPhone Developer";
				COPY_PHASE_STRIP = NO;
				DEBUG_INFORMATION_FORMAT = dwarf;
				ENABLE_STRICT_OBJC_MSGSEND = YES;
				ENABLE_TESTABILITY = YES;
				GCC_C_LANGUAGE_STANDARD = gnu11;
				GCC_DYNAMIC_NO_PIC = NO;
				GCC_NO_COMMON_BLOCKS = YES;
				GCC_OPTIMIZATION_LEVEL = 0;
				GCC_PREPROCESSOR_DEFINITIONS = (
					"DEBUG=1",
					"$(inherited)",
				);
				GCC_WARN_64_TO_32_BIT_CONVERSION = YES;
				GCC_WARN_ABOUT_RETURN_TYPE = YES_ERROR;
				GCC_WARN_UNDECLARED_SELECTOR = YES;
				GCC_WARN_UNINITIALIZED_AUTOS = YES_AGGRESSIVE;
				GCC_WARN_UNUSED_FUNCTION = YES;
				GCC_WARN_UNUSED_VARIABLE = YES;
				IPHONEOS_DEPLOYMENT_TARGET = 11.1;
				MTL_ENABLE_DEBUG_INFO = YES;
				ONLY_ACTIVE_ARCH = YES;
				SDKROOT = iphoneos;
				SWIFT_ACTIVE_COMPILATION_CONDITIONS = DEBUG;
				SWIFT_OPTIMIZATION_LEVEL = "-Onone";
			};
			name = Debug;
		};
		AE16D0FD1FD8543E00B6CA15 /* Release */ = {
			isa = XCBuildConfiguration;
			buildSettings = {
				ALWAYS_SEARCH_USER_PATHS = NO;
				CLANG_ANALYZER_NONNULL = YES;
				CLANG_ANALYZER_NUMBER_OBJECT_CONVERSION = YES_AGGRESSIVE;
				CLANG_CXX_LANGUAGE_STANDARD = "gnu++14";
				CLANG_CXX_LIBRARY = "libc++";
				CLANG_ENABLE_MODULES = YES;
				CLANG_ENABLE_OBJC_ARC = YES;
				CLANG_WARN_BLOCK_CAPTURE_AUTORELEASING = YES;
				CLANG_WARN_BOOL_CONVERSION = YES;
				CLANG_WARN_COMMA = YES;
				CLANG_WARN_CONSTANT_CONVERSION = YES;
				CLANG_WARN_DIRECT_OBJC_ISA_USAGE = YES_ERROR;
				CLANG_WARN_DOCUMENTATION_COMMENTS = YES;
				CLANG_WARN_EMPTY_BODY = YES;
				CLANG_WARN_ENUM_CONVERSION = YES;
				CLANG_WARN_INFINITE_RECURSION = YES;
				CLANG_WARN_INT_CONVERSION = YES;
				CLANG_WARN_NON_LITERAL_NULL_CONVERSION = YES;
				CLANG_WARN_OBJC_LITERAL_CONVERSION = YES;
				CLANG_WARN_OBJC_ROOT_CLASS = YES_ERROR;
				CLANG_WARN_RANGE_LOOP_ANALYSIS = YES;
				CLANG_WARN_STRICT_PROTOTYPES = YES;
				CLANG_WARN_SUSPICIOUS_MOVE = YES;
				CLANG_WARN_UNGUARDED_AVAILABILITY = YES_AGGRESSIVE;
				CLANG_WARN_UNREACHABLE_CODE = YES;
				CLANG_WARN__DUPLICATE_METHOD_MATCH = YES;
				CODE_SIGN_IDENTITY = "iPhone Developer";
				COPY_PHASE_STRIP = NO;
				DEBUG_INFORMATION_FORMAT = "dwarf-with-dsym";
				ENABLE_NS_ASSERTIONS = NO;
				ENABLE_STRICT_OBJC_MSGSEND = YES;
				GCC_C_LANGUAGE_STANDARD = gnu11;
				GCC_NO_COMMON_BLOCKS = YES;
				GCC_WARN_64_TO_32_BIT_CONVERSION = YES;
				GCC_WARN_ABOUT_RETURN_TYPE = YES_ERROR;
				GCC_WARN_UNDECLARED_SELECTOR = YES;
				GCC_WARN_UNINITIALIZED_AUTOS = YES_AGGRESSIVE;
				GCC_WARN_UNUSED_FUNCTION = YES;
				GCC_WARN_UNUSED_VARIABLE = YES;
				IPHONEOS_DEPLOYMENT_TARGET = 11.1;
				MTL_ENABLE_DEBUG_INFO = NO;
				SDKROOT = iphoneos;
				SWIFT_OPTIMIZATION_LEVEL = "-Owholemodule";
				VALIDATE_PRODUCT = YES;
			};
			name = Release;
		};
		AE16D0FF1FD8543E00B6CA15 /* Debug */ = {
			isa = XCBuildConfiguration;
			buildSettings = {
				ASSETCATALOG_COMPILER_APPICON_NAME = AppIcon;
				CODE_SIGN_STYLE = Manual;
				DEVELOPMENT_TEAM = "";
				INFOPLIST_FILE = TableCellSwipe/Info.plist;
				IPHONEOS_DEPLOYMENT_TARGET = 10.0;
				LD_RUNPATH_SEARCH_PATHS = "$(inherited) @executable_path/Frameworks";
				PRODUCT_BUNDLE_IDENTIFIER = Pavan.TableCellSwipe;
				PRODUCT_NAME = "$(TARGET_NAME)";
				PROVISIONING_PROFILE_SPECIFIER = "";
				SWIFT_VERSION = 4.0;
				TARGETED_DEVICE_FAMILY = "1,2";
			};
			name = Debug;
		};
		AE16D1001FD8543E00B6CA15 /* Release */ = {
			isa = XCBuildConfiguration;
			buildSettings = {
				ASSETCATALOG_COMPILER_APPICON_NAME = AppIcon;
				CODE_SIGN_STYLE = Manual;
				DEVELOPMENT_TEAM = "";
				INFOPLIST_FILE = TableCellSwipe/Info.plist;
				IPHONEOS_DEPLOYMENT_TARGET = 10.0;
				LD_RUNPATH_SEARCH_PATHS = "$(inherited) @executable_path/Frameworks";
				PRODUCT_BUNDLE_IDENTIFIER = Pavan.TableCellSwipe;
				PRODUCT_NAME = "$(TARGET_NAME)";
				PROVISIONING_PROFILE_SPECIFIER = "";
				SWIFT_VERSION = 4.0;
				TARGETED_DEVICE_FAMILY = "1,2";
			};
			name = Release;
		};
/* End XCBuildConfiguration section */

/* Begin XCConfigurationList section */
		AE16D0E71FD8543E00B6CA15 /* Build configuration list for PBXProject "TableCellSwipe" */ = {
			isa = XCConfigurationList;
			buildConfigurations = (
				AE16D0FC1FD8543E00B6CA15 /* Debug */,
				AE16D0FD1FD8543E00B6CA15 /* Release */,
			);
			defaultConfigurationIsVisible = 0;
			defaultConfigurationName = Release;
		};
		AE16D0FE1FD8543E00B6CA15 /* Build configuration list for PBXNativeTarget "TableCellSwipe" */ = {
			isa = XCConfigurationList;
			buildConfigurations = (
				AE16D0FF1FD8543E00B6CA15 /* Debug */,
				AE16D1001FD8543E00B6CA15 /* Release */,
			);
			defaultConfigurationIsVisible = 0;
			defaultConfigurationName = Release;
		};
/* End XCConfigurationList section */
	};
	rootObject = AE16D0E41FD8543E00B6CA15 /* Project object */;
}
